
Microsoft Visual Studio Solution File, Format Version 12.00
# Visual Studio Version 17
VisualStudioVersion = 17.2.32630.192
MinimumVisualStudioVersion = 10.0.40219.1
Project("{9A19103F-16F7-4668-BE54-9A1E7A4F7556}") = "Library", "Library\Library.csproj", "{243A38A4-FE71-4F5E-A64C-298BBA8ABC83}"
EndProject
Project("{2150E333-8FDC-42A3-9474-1A3956D46DE8}") = "Tests", "Tests", "{A13E8DD5-7AB6-46D6-9F05-5251241F8E78}"
EndProject
Project("{9A19103F-16F7-4668-BE54-9A1E7A4F7556}") = "Library.UnitTests", "Library.UnitTests\Library.UnitTests.csproj", "{83AB6ECD-F7BB-4B8C-B675-BB5D518CDCCD}"
EndProject
Project("{9A19103F-16F7-4668-BE54-9A1E7A4F7556}") = "Web", "Web\Web.csproj", "{AEDC8896-AB5E-41CA-A6BE-5B4A5F8692D5}"
EndProject
Project("{9A19103F-16F7-4668-BE54-9A1E7A4F7556}") = "Web.UnitTests", "Web.UnitTests\Web.UnitTests.csproj", "{E158265F-6A61-487E-A995-774FC09492EA}"
EndProject
Project("{2150E333-8FDC-42A3-9474-1A3956D46DE8}") = "docker", "docker", "{E12B4BF3-83CC-457C-AA13-559A206F858C}"
	ProjectSection(SolutionItems) = preProject
		docker-compose.yml = docker-compose.yml
	EndProjectSection
EndProject
Global
	GlobalSection(SolutionConfigurationPlatforms) = preSolution
		Debug|Any CPU = Debug|Any CPU
		Release|Any CPU = Release|Any CPU
	EndGlobalSection
	GlobalSection(ProjectConfigurationPlatforms) = postSolution
		{243A38A4-FE71-4F5E-A64C-298BBA8ABC83}.Debug|Any CPU.ActiveCfg = Debug|Any CPU
		{243A38A4-FE71-4F5E-A64C-298BBA8ABC83}.Debug|Any CPU.Build.0 = Debug|Any CPU
		{243A38A4-FE71-4F5E-A64C-298BBA8ABC83}.Release|Any CPU.ActiveCfg = Release|Any CPU
		{243A38A4-FE71-4F5E-A64C-298BBA8ABC83}.Release|Any CPU.Build.0 = Release|Any CPU
		{83AB6ECD-F7BB-4B8C-B675-BB5D518CDCCD}.Debug|Any CPU.ActiveCfg = Debug|Any CPU
		{83AB6ECD-F7BB-4B8C-B675-BB5D518CDCCD}.Debug|Any CPU.Build.0 = Debug|Any CPU
		{83AB6ECD-F7BB-4B8C-B675-BB5D518CDCCD}.Release|Any CPU.ActiveCfg = Release|Any CPU
		{83AB6ECD-F7BB-4B8C-B675-BB5D518CDCCD}.Release|Any CPU.Build.0 = Release|Any CPU
		{AEDC8896-AB5E-41CA-A6BE-5B4A5F8692D5}.Debug|Any CPU.ActiveCfg = Debug|Any CPU
		{AEDC8896-AB5E-41CA-A6BE-5B4A5F8692D5}.Debug|Any CPU.Build.0 = Debug|Any CPU
		{AEDC8896-AB5E-41CA-A6BE-5B4A5F8692D5}.Release|Any CPU.ActiveCfg = Release|Any CPU
		{AEDC8896-AB5E-41CA-A6BE-5B4A5F8692D5}.Release|Any CPU.Build.0 = Release|Any CPU
		{E158265F-6A61-487E-A995-774FC09492EA}.Debug|Any CPU.ActiveCfg = Debug|Any CPU
		{E158265F-6A61-487E-A995-774FC09492EA}.Debug|Any CPU.Build.0 = Debug|Any CPU
		{E158265F-6A61-487E-A995-774FC09492EA}.Release|Any CPU.ActiveCfg = Release|Any CPU
		{E158265F-6A61-487E-A995-774FC09492EA}.Release|Any CPU.Build.0 = Release|Any CPU
	EndGlobalSection
	GlobalSection(SolutionProperties) = preSolution
		HideSolutionNode = FALSE
	EndGlobalSection
	GlobalSection(NestedProjects) = preSolution
		{83AB6ECD-F7BB-4B8C-B675-BB5D518CDCCD} = {A13E8DD5-7AB6-46D6-9F05-5251241F8E78}
		{E158265F-6A61-487E-A995-774FC09492EA} = {A13E8DD5-7AB6-46D6-9F05-5251241F8E78}
	EndGlobalSection
	GlobalSection(ExtensibilityGlobals) = postSolution
		SolutionGuid = {FA72C89A-36D1-4500-9266-F3CC9C20D425}
	EndGlobalSection
EndGlobal
